
Microsoft Visual Studio Solution File, Format Version 12.00
# Visual Studio Version 17
VisualStudioVersion = 17.3.32922.545
MinimumVisualStudioVersion = 10.0.40219.1
Project("{9A19103F-16F7-4668-BE54-9A1E7A4F7556}") = "Alten.Booking.Api", "Alten.Booking.Api\Alten.Booking.Api.csproj", "{12212202-31BC-4251-BDFF-DACD4F7644C4}"
EndProject
Project("{FAE04EC0-301F-11D3-BF4B-00C04F79EFBC}") = "Alten.Booking.Application", "Alten.Booking.Application\Alten.Booking.Application.csproj", "{D160D938-C9B3-4DED-9CB3-D7C48433D7E0}"
EndProject
Project("{FAE04EC0-301F-11D3-BF4B-00C04F79EFBC}") = "Alten.Booking.Domain", "Alten.Booking.Domain\Alten.Booking.Domain.csproj", "{DFFE5EBA-C2D1-452C-9F4B-EA236647F251}"
EndProject
Project("{FAE04EC0-301F-11D3-BF4B-00C04F79EFBC}") = "Alten.Booking.Infrastructure", "Alten.Booking.Infrastructure\Alten.Booking.Infrastructure.csproj", "{B2D65B00-9465-4E04-AC5A-988A4F310697}"
EndProject
Project("{FAE04EC0-301F-11D3-BF4B-00C04F79EFBC}") = "Alten.Booking.Tests", "Alten.Booking.Tests\Alten.Booking.Tests.csproj", "{36AADC02-CEB2-488F-97CD-F15884ED1FF1}"
EndProject
Global
	GlobalSection(SolutionConfigurationPlatforms) = preSolution
		Debug|Any CPU = Debug|Any CPU
		Release|Any CPU = Release|Any CPU
	EndGlobalSection
	GlobalSection(ProjectConfigurationPlatforms) = postSolution
		{12212202-31BC-4251-BDFF-DACD4F7644C4}.Debug|Any CPU.ActiveCfg = Debug|Any CPU
		{12212202-31BC-4251-BDFF-DACD4F7644C4}.Debug|Any CPU.Build.0 = Debug|Any CPU
		{12212202-31BC-4251-BDFF-DACD4F7644C4}.Release|Any CPU.ActiveCfg = Release|Any CPU
		{12212202-31BC-4251-BDFF-DACD4F7644C4}.Release|Any CPU.Build.0 = Release|Any CPU
		{D160D938-C9B3-4DED-9CB3-D7C48433D7E0}.Debug|Any CPU.ActiveCfg = Debug|Any CPU
		{D160D938-C9B3-4DED-9CB3-D7C48433D7E0}.Debug|Any CPU.Build.0 = Debug|Any CPU
		{D160D938-C9B3-4DED-9CB3-D7C48433D7E0}.Release|Any CPU.ActiveCfg = Release|Any CPU
		{D160D938-C9B3-4DED-9CB3-D7C48433D7E0}.Release|Any CPU.Build.0 = Release|Any CPU
		{DFFE5EBA-C2D1-452C-9F4B-EA236647F251}.Debug|Any CPU.ActiveCfg = Debug|Any CPU
		{DFFE5EBA-C2D1-452C-9F4B-EA236647F251}.Debug|Any CPU.Build.0 = Debug|Any CPU
		{DFFE5EBA-C2D1-452C-9F4B-EA236647F251}.Release|Any CPU.ActiveCfg = Release|Any CPU
		{DFFE5EBA-C2D1-452C-9F4B-EA236647F251}.Release|Any CPU.Build.0 = Release|Any CPU
		{B2D65B00-9465-4E04-AC5A-988A4F310697}.Debug|Any CPU.ActiveCfg = Debug|Any CPU
		{B2D65B00-9465-4E04-AC5A-988A4F310697}.Debug|Any CPU.Build.0 = Debug|Any CPU
		{B2D65B00-9465-4E04-AC5A-988A4F310697}.Release|Any CPU.ActiveCfg = Release|Any CPU
		{B2D65B00-9465-4E04-AC5A-988A4F310697}.Release|Any CPU.Build.0 = Release|Any CPU
		{36AADC02-CEB2-488F-97CD-F15884ED1FF1}.Debug|Any CPU.ActiveCfg = Debug|Any CPU
		{36AADC02-CEB2-488F-97CD-F15884ED1FF1}.Debug|Any CPU.Build.0 = Debug|Any CPU
		{36AADC02-CEB2-488F-97CD-F15884ED1FF1}.Release|Any CPU.ActiveCfg = Release|Any CPU
		{36AADC02-CEB2-488F-97CD-F15884ED1FF1}.Release|Any CPU.Build.0 = Release|Any CPU
	EndGlobalSection
	GlobalSection(SolutionProperties) = preSolution
		HideSolutionNode = FALSE
	EndGlobalSection
	GlobalSection(ExtensibilityGlobals) = postSolution
		SolutionGuid = {1242DC31-B853-4E3E-A182-6FDD4B42674B}
	EndGlobalSection
EndGlobal
